
Microsoft Visual Studio Solution File, Format Version 12.00
# Visual Studio 14
VisualStudioVersion = 14.0.25123.0
MinimumVisualStudioVersion = 10.0.40219.1
Project("{FAE04EC0-301F-11D3-BF4B-00C04F79EFBC}") = "MuhammadDevaErlangga_XIRPL3_20_MVC", "MuhammadDevaErlangga_XIRPL3_20_MVC\MuhammadDevaErlangga_XIRPL3_20_MVC.csproj", "{7C018910-1049-493B-BB58-D056C5ACBAE9}"
EndProject
Global
	GlobalSection(SolutionConfigurationPlatforms) = preSolution
		Debug|Any CPU = Debug|Any CPU
		Release|Any CPU = Release|Any CPU
	EndGlobalSection
	GlobalSection(ProjectConfigurationPlatforms) = postSolution
		{7C018910-1049-493B-BB58-D056C5ACBAE9}.Debug|Any CPU.ActiveCfg = Debug|Any CPU
		{7C018910-1049-493B-BB58-D056C5ACBAE9}.Debug|Any CPU.Build.0 = Debug|Any CPU
		{7C018910-1049-493B-BB58-D056C5ACBAE9}.Release|Any CPU.ActiveCfg = Release|Any CPU
		{7C018910-1049-493B-BB58-D056C5ACBAE9}.Release|Any CPU.Build.0 = Release|Any CPU
	EndGlobalSection
	GlobalSection(SolutionProperties) = preSolution
		HideSolutionNode = FALSE
	EndGlobalSection
EndGlobal
